
Microsoft Visual Studio Solution File, Format Version 12.00
# Visual Studio Version 17
VisualStudioVersion = 17.5.33424.131
MinimumVisualStudioVersion = 10.0.40219.1
Project("{FAE04EC0-301F-11D3-BF4B-00C04F79EFBC}") = "TcpAdapter", "Mtconnect.TcpAdapter\TcpAdapter.csproj", "{CD4412D6-9A88-483B-B2D1-225EFC0DC3F5}"
EndProject
Global
	GlobalSection(SolutionConfigurationPlatforms) = preSolution
		Debug|Any CPU = Debug|Any CPU
		Release|Any CPU = Release|Any CPU
	EndGlobalSection
	GlobalSection(ProjectConfigurationPlatforms) = postSolution
		{CD4412D6-9A88-483B-B2D1-225EFC0DC3F5}.Debug|Any CPU.ActiveCfg = Debug|Any CPU
		{CD4412D6-9A88-483B-B2D1-225EFC0DC3F5}.Debug|Any CPU.Build.0 = Debug|Any CPU
		{CD4412D6-9A88-483B-B2D1-225EFC0DC3F5}.Release|Any CPU.ActiveCfg = Release|Any CPU
		{CD4412D6-9A88-483B-B2D1-225EFC0DC3F5}.Release|Any CPU.Build.0 = Release|Any CPU
	EndGlobalSection
	GlobalSection(SolutionProperties) = preSolution
		HideSolutionNode = FALSE
	EndGlobalSection
	GlobalSection(ExtensibilityGlobals) = postSolution
		SolutionGuid = {31D9430B-7099-4282-B170-2A299F5E0B2A}
	EndGlobalSection
EndGlobal
